// !$*UTF8*$!
{
	archiveVersion = 1;
	classes = {
	};
	objectVersion = 56;
	objects = {

/* Begin PBXBuildFile section */
		FC03DB1A2AFD42F100A1572C /* FirebaseAuth in Frameworks */ = {isa = PBXBuildFile; productRef = FC03DB192AFD42F100A1572C /* FirebaseAuth */; };
		FC03DB1C2AFD434100A1572C /* FirebaseAnalytics in Frameworks */ = {isa = PBXBuildFile; productRef = FC03DB1B2AFD434100A1572C /* FirebaseAnalytics */; };
		FC03DB1E2AFD434100A1572C /* FirebaseFirestore in Frameworks */ = {isa = PBXBuildFile; productRef = FC03DB1D2AFD434100A1572C /* FirebaseFirestore */; };
		FC03DB202AFD434100A1572C /* FirebaseFirestoreSwift in Frameworks */ = {isa = PBXBuildFile; productRef = FC03DB1F2AFD434100A1572C /* FirebaseFirestoreSwift */; };
		FC03DB222AFD434100A1572C /* FirebaseStorage in Frameworks */ = {isa = PBXBuildFile; productRef = FC03DB212AFD434100A1572C /* FirebaseStorage */; };
		FC03DB242AFD4B1E00A1572C /* LoginView.swift in Sources */ = {isa = PBXBuildFile; fileRef = FC03DB232AFD4B1E00A1572C /* LoginView.swift */; };
		FC03DB262AFD4B3000A1572C /* LoginViewController.swift in Sources */ = {isa = PBXBuildFile; fileRef = FC03DB252AFD4B3000A1572C /* LoginViewController.swift */; };
		FC03DB282AFD4B3E00A1572C /* RegisterViewController.swift in Sources */ = {isa = PBXBuildFile; fileRef = FC03DB272AFD4B3E00A1572C /* RegisterViewController.swift */; };
		FC03DB2A2AFD4B5000A1572C /* RegisterView.swift in Sources */ = {isa = PBXBuildFile; fileRef = FC03DB292AFD4B5000A1572C /* RegisterView.swift */; };
		FC03DB2D2AFD834100A1572C /* ProgressSpinnerViewController.swift in Sources */ = {isa = PBXBuildFile; fileRef = FC03DB2C2AFD834100A1572C /* ProgressSpinnerViewController.swift */; };
		FC03DB2F2AFD837900A1572C /* ProgressSpinnerDelegate.swift in Sources */ = {isa = PBXBuildFile; fileRef = FC03DB2E2AFD837900A1572C /* ProgressSpinnerDelegate.swift */; };
		FC03DB322AFDAEA500A1572C /* DBManager.swift in Sources */ = {isa = PBXBuildFile; fileRef = FC03DB312AFDAEA500A1572C /* DBManager.swift */; };
		FC03DB342AFDB3B400A1572C /* User.swift in Sources */ = {isa = PBXBuildFile; fileRef = FC03DB332AFDB3B400A1572C /* User.swift */; };
		FC03DB362AFDFE9900A1572C /* ConversationsViewController.swift in Sources */ = {isa = PBXBuildFile; fileRef = FC03DB352AFDFE9900A1572C /* ConversationsViewController.swift */; };
		FC03DB382AFDFEAC00A1572C /* ConversationsView.swift in Sources */ = {isa = PBXBuildFile; fileRef = FC03DB372AFDFEAC00A1572C /* ConversationsView.swift */; };
		FC03DB3A2AFDFEC200A1572C /* ConversationsTableViewCell.swift in Sources */ = {isa = PBXBuildFile; fileRef = FC03DB392AFDFEC200A1572C /* ConversationsTableViewCell.swift */; };
		FC03DB3C2AFE051600A1572C /* Conversation.swift in Sources */ = {isa = PBXBuildFile; fileRef = FC03DB3B2AFE051600A1572C /* Conversation.swift */; };
		FC03DB3F2AFED1F600A1572C /* AuthManager.swift in Sources */ = {isa = PBXBuildFile; fileRef = FC03DB3E2AFED1F600A1572C /* AuthManager.swift */; };
		FC03DB412AFED6C600A1572C /* ProfileView.swift in Sources */ = {isa = PBXBuildFile; fileRef = FC03DB402AFED6C600A1572C /* ProfileView.swift */; };
		FC03DB432AFED6D300A1572C /* ProfileViewController.swift in Sources */ = {isa = PBXBuildFile; fileRef = FC03DB422AFED6D300A1572C /* ProfileViewController.swift */; };
		FC03DB462AFEE0BC00A1572C /* DateFormatter.swift in Sources */ = {isa = PBXBuildFile; fileRef = FC03DB452AFEE0BC00A1572C /* DateFormatter.swift */; };
		FC03DB492AFEFAB600A1572C /* MessageKit in Frameworks */ = {isa = PBXBuildFile; productRef = FC03DB482AFEFAB600A1572C /* MessageKit */; };
		FC03DB4C2AFEFAFB00A1572C /* ConversationViewController.swift in Sources */ = {isa = PBXBuildFile; fileRef = FC03DB4B2AFEFAFB00A1572C /* ConversationViewController.swift */; };
		FC03DB4E2AFF1EE700A1572C /* Message.swift in Sources */ = {isa = PBXBuildFile; fileRef = FC03DB4D2AFF1EE700A1572C /* Message.swift */; };
		FC03DB502AFF2A9400A1572C /* NewConversationViewController.swift in Sources */ = {isa = PBXBuildFile; fileRef = FC03DB4F2AFF2A9400A1572C /* NewConversationViewController.swift */; };
		FC03DB522AFF2AA600A1572C /* NewConversationView.swift in Sources */ = {isa = PBXBuildFile; fileRef = FC03DB512AFF2AA600A1572C /* NewConversationView.swift */; };
		FC03DB542AFF2EFE00A1572C /* SearchResultTableViewCell.swift in Sources */ = {isa = PBXBuildFile; fileRef = FC03DB532AFF2EFE00A1572C /* SearchResultTableViewCell.swift */; };
		FC2F15D12AFC16B100867C1F /* AppDelegate.swift in Sources */ = {isa = PBXBuildFile; fileRef = FC2F15D02AFC16B100867C1F /* AppDelegate.swift */; };
		FC2F15D32AFC16B100867C1F /* SceneDelegate.swift in Sources */ = {isa = PBXBuildFile; fileRef = FC2F15D22AFC16B100867C1F /* SceneDelegate.swift */; };
		FC2F15D82AFC16B100867C1F /* Main.storyboard in Resources */ = {isa = PBXBuildFile; fileRef = FC2F15D62AFC16B100867C1F /* Main.storyboard */; };
		FC2F15DA2AFC16B200867C1F /* Assets.xcassets in Resources */ = {isa = PBXBuildFile; fileRef = FC2F15D92AFC16B200867C1F /* Assets.xcassets */; };
		FC2F15DD2AFC16B200867C1F /* LaunchScreen.storyboard in Resources */ = {isa = PBXBuildFile; fileRef = FC2F15DB2AFC16B200867C1F /* LaunchScreen.storyboard */; };
		FC2F15E72AFCA9D200867C1F /* GoogleService-Info.plist in Resources */ = {isa = PBXBuildFile; fileRef = FC2F15E62AFCA9D200867C1F /* GoogleService-Info.plist */; };
		FC2F162B2AFCB6DD00867C1F /* WelcomeViewController.swift in Sources */ = {isa = PBXBuildFile; fileRef = FC2F162A2AFCB6DD00867C1F /* WelcomeViewController.swift */; };
		FC2F162D2AFCB6EC00867C1F /* WelcomeView.swift in Sources */ = {isa = PBXBuildFile; fileRef = FC2F162C2AFCB6EC00867C1F /* WelcomeView.swift */; };
		FC2F162F2AFCB73900867C1F /* AlertUtil.swift in Sources */ = {isa = PBXBuildFile; fileRef = FC2F162E2AFCB73900867C1F /* AlertUtil.swift */; };
		FC2F16312AFCB80E00867C1F /* Constants.swift in Sources */ = {isa = PBXBuildFile; fileRef = FC2F16302AFCB80E00867C1F /* Constants.swift */; };
		FC2F16332AFCB85D00867C1F /* UIElementUtil.swift in Sources */ = {isa = PBXBuildFile; fileRef = FC2F16322AFCB85D00867C1F /* UIElementUtil.swift */; };
/* End PBXBuildFile section */

/* Begin PBXFileReference section */
		FC03DB232AFD4B1E00A1572C /* LoginView.swift */ = {isa = PBXFileReference; lastKnownFileType = sourcecode.swift; path = LoginView.swift; sourceTree = "<group>"; };
		FC03DB252AFD4B3000A1572C /* LoginViewController.swift */ = {isa = PBXFileReference; lastKnownFileType = sourcecode.swift; path = LoginViewController.swift; sourceTree = "<group>"; };
		FC03DB272AFD4B3E00A1572C /* RegisterViewController.swift */ = {isa = PBXFileReference; lastKnownFileType = sourcecode.swift; path = RegisterViewController.swift; sourceTree = "<group>"; };
		FC03DB292AFD4B5000A1572C /* RegisterView.swift */ = {isa = PBXFileReference; lastKnownFileType = sourcecode.swift; path = RegisterView.swift; sourceTree = "<group>"; };
		FC03DB2C2AFD834100A1572C /* ProgressSpinnerViewController.swift */ = {isa = PBXFileReference; lastKnownFileType = sourcecode.swift; path = ProgressSpinnerViewController.swift; sourceTree = "<group>"; };
		FC03DB2E2AFD837900A1572C /* ProgressSpinnerDelegate.swift */ = {isa = PBXFileReference; lastKnownFileType = sourcecode.swift; path = ProgressSpinnerDelegate.swift; sourceTree = "<group>"; };
		FC03DB312AFDAEA500A1572C /* DBManager.swift */ = {isa = PBXFileReference; lastKnownFileType = sourcecode.swift; path = DBManager.swift; sourceTree = "<group>"; };
		FC03DB332AFDB3B400A1572C /* User.swift */ = {isa = PBXFileReference; lastKnownFileType = sourcecode.swift; path = User.swift; sourceTree = "<group>"; };
		FC03DB352AFDFE9900A1572C /* ConversationsViewController.swift */ = {isa = PBXFileReference; lastKnownFileType = sourcecode.swift; path = ConversationsViewController.swift; sourceTree = "<group>"; };
		FC03DB372AFDFEAC00A1572C /* ConversationsView.swift */ = {isa = PBXFileReference; lastKnownFileType = sourcecode.swift; path = ConversationsView.swift; sourceTree = "<group>"; };
		FC03DB392AFDFEC200A1572C /* ConversationsTableViewCell.swift */ = {isa = PBXFileReference; lastKnownFileType = sourcecode.swift; path = ConversationsTableViewCell.swift; sourceTree = "<group>"; };
		FC03DB3B2AFE051600A1572C /* Conversation.swift */ = {isa = PBXFileReference; lastKnownFileType = sourcecode.swift; path = Conversation.swift; sourceTree = "<group>"; };
		FC03DB3E2AFED1F600A1572C /* AuthManager.swift */ = {isa = PBXFileReference; lastKnownFileType = sourcecode.swift; path = AuthManager.swift; sourceTree = "<group>"; };
		FC03DB402AFED6C600A1572C /* ProfileView.swift */ = {isa = PBXFileReference; lastKnownFileType = sourcecode.swift; path = ProfileView.swift; sourceTree = "<group>"; };
		FC03DB422AFED6D300A1572C /* ProfileViewController.swift */ = {isa = PBXFileReference; lastKnownFileType = sourcecode.swift; path = ProfileViewController.swift; sourceTree = "<group>"; };
		FC03DB452AFEE0BC00A1572C /* DateFormatter.swift */ = {isa = PBXFileReference; lastKnownFileType = sourcecode.swift; path = DateFormatter.swift; sourceTree = "<group>"; };
		FC03DB4B2AFEFAFB00A1572C /* ConversationViewController.swift */ = {isa = PBXFileReference; lastKnownFileType = sourcecode.swift; path = ConversationViewController.swift; sourceTree = "<group>"; };
		FC03DB4D2AFF1EE700A1572C /* Message.swift */ = {isa = PBXFileReference; lastKnownFileType = sourcecode.swift; path = Message.swift; sourceTree = "<group>"; };
		FC03DB4F2AFF2A9400A1572C /* NewConversationViewController.swift */ = {isa = PBXFileReference; lastKnownFileType = sourcecode.swift; path = NewConversationViewController.swift; sourceTree = "<group>"; };
		FC03DB512AFF2AA600A1572C /* NewConversationView.swift */ = {isa = PBXFileReference; lastKnownFileType = sourcecode.swift; path = NewConversationView.swift; sourceTree = "<group>"; };
		FC03DB532AFF2EFE00A1572C /* SearchResultTableViewCell.swift */ = {isa = PBXFileReference; lastKnownFileType = sourcecode.swift; path = SearchResultTableViewCell.swift; sourceTree = "<group>"; };
		FC2F15CD2AFC16B100867C1F /* WA8_Group19.app */ = {isa = PBXFileReference; explicitFileType = wrapper.application; includeInIndex = 0; path = WA8_Group19.app; sourceTree = BUILT_PRODUCTS_DIR; };
		FC2F15D02AFC16B100867C1F /* AppDelegate.swift */ = {isa = PBXFileReference; lastKnownFileType = sourcecode.swift; path = AppDelegate.swift; sourceTree = "<group>"; };
		FC2F15D22AFC16B100867C1F /* SceneDelegate.swift */ = {isa = PBXFileReference; lastKnownFileType = sourcecode.swift; path = SceneDelegate.swift; sourceTree = "<group>"; };
		FC2F15D72AFC16B100867C1F /* Base */ = {isa = PBXFileReference; lastKnownFileType = file.storyboard; name = Base; path = Base.lproj/Main.storyboard; sourceTree = "<group>"; };
		FC2F15D92AFC16B200867C1F /* Assets.xcassets */ = {isa = PBXFileReference; lastKnownFileType = folder.assetcatalog; path = Assets.xcassets; sourceTree = "<group>"; };
		FC2F15DC2AFC16B200867C1F /* Base */ = {isa = PBXFileReference; lastKnownFileType = file.storyboard; name = Base; path = Base.lproj/LaunchScreen.storyboard; sourceTree = "<group>"; };
		FC2F15DE2AFC16B200867C1F /* Info.plist */ = {isa = PBXFileReference; lastKnownFileType = text.plist.xml; path = Info.plist; sourceTree = "<group>"; };
		FC2F15E62AFCA9D200867C1F /* GoogleService-Info.plist */ = {isa = PBXFileReference; fileEncoding = 4; lastKnownFileType = text.plist.xml; path = "GoogleService-Info.plist"; sourceTree = "<group>"; };
		FC2F162A2AFCB6DD00867C1F /* WelcomeViewController.swift */ = {isa = PBXFileReference; lastKnownFileType = sourcecode.swift; path = WelcomeViewController.swift; sourceTree = "<group>"; };
		FC2F162C2AFCB6EC00867C1F /* WelcomeView.swift */ = {isa = PBXFileReference; lastKnownFileType = sourcecode.swift; path = WelcomeView.swift; sourceTree = "<group>"; };
		FC2F162E2AFCB73900867C1F /* AlertUtil.swift */ = {isa = PBXFileReference; lastKnownFileType = sourcecode.swift; path = AlertUtil.swift; sourceTree = "<group>"; };
		FC2F16302AFCB80E00867C1F /* Constants.swift */ = {isa = PBXFileReference; lastKnownFileType = sourcecode.swift; path = Constants.swift; sourceTree = "<group>"; };
		FC2F16322AFCB85D00867C1F /* UIElementUtil.swift */ = {isa = PBXFileReference; lastKnownFileType = sourcecode.swift; path = UIElementUtil.swift; sourceTree = "<group>"; };
/* End PBXFileReference section */

/* Begin PBXFrameworksBuildPhase section */
		FC2F15CA2AFC16B100867C1F /* Frameworks */ = {
			isa = PBXFrameworksBuildPhase;
			buildActionMask = 2147483647;
			files = (
				FC03DB1C2AFD434100A1572C /* FirebaseAnalytics in Frameworks */,
				FC03DB1A2AFD42F100A1572C /* FirebaseAuth in Frameworks */,
				FC03DB1E2AFD434100A1572C /* FirebaseFirestore in Frameworks */,
				FC03DB492AFEFAB600A1572C /* MessageKit in Frameworks */,
				FC03DB222AFD434100A1572C /* FirebaseStorage in Frameworks */,
				FC03DB202AFD434100A1572C /* FirebaseFirestoreSwift in Frameworks */,
			);
			runOnlyForDeploymentPostprocessing = 0;
		};
/* End PBXFrameworksBuildPhase section */

/* Begin PBXGroup section */
		FC03DB0A2AFD42DD00A1572C /* Frameworks */ = {
			isa = PBXGroup;
			children = (
			);
			name = Frameworks;
			sourceTree = "<group>";
		};
		FC03DB2B2AFD82FB00A1572C /* ProgressIndicator */ = {
			isa = PBXGroup;
			children = (
				FC03DB2C2AFD834100A1572C /* ProgressSpinnerViewController.swift */,
				FC03DB2E2AFD837900A1572C /* ProgressSpinnerDelegate.swift */,
			);
			path = ProgressIndicator;
			sourceTree = "<group>";
		};
		FC03DB302AFDAE8C00A1572C /* DataBase */ = {
			isa = PBXGroup;
			children = (
				FC03DB312AFDAEA500A1572C /* DBManager.swift */,
			);
			path = DataBase;
			sourceTree = "<group>";
		};
		FC03DB3D2AFED1E400A1572C /* Auth */ = {
			isa = PBXGroup;
			children = (
				FC03DB3E2AFED1F600A1572C /* AuthManager.swift */,
			);
			path = Auth;
			sourceTree = "<group>";
		};
		FC03DB442AFEE08600A1572C /* Formatter */ = {
			isa = PBXGroup;
			children = (
				FC03DB452AFEE0BC00A1572C /* DateFormatter.swift */,
			);
			path = Formatter;
			sourceTree = "<group>";
		};
		FC03DB4A2AFEFAE100A1572C /* ConversationScreen */ = {
			isa = PBXGroup;
			children = (
				FC03DB4B2AFEFAFB00A1572C /* ConversationViewController.swift */,
			);
			path = ConversationScreen;
			sourceTree = "<group>";
		};
		FC2F15C42AFC16B000867C1F = {
			isa = PBXGroup;
			children = (
				FC2F15CF2AFC16B100867C1F /* WA8_Group19 */,
				FC2F15CE2AFC16B100867C1F /* Products */,
				FC03DB0A2AFD42DD00A1572C /* Frameworks */,
			);
			sourceTree = "<group>";
		};
		FC2F15CE2AFC16B100867C1F /* Products */ = {
			isa = PBXGroup;
			children = (
				FC2F15CD2AFC16B100867C1F /* WA8_Group19.app */,
			);
			name = Products;
			sourceTree = "<group>";
		};
		FC2F15CF2AFC16B100867C1F /* WA8_Group19 */ = {
			isa = PBXGroup;
			children = (
				FC2F16232AFCAFB600867C1F /* Screens */,
				FC2F16222AFCAF5C00867C1F /* Storyboard */,
				FC2F16212AFCAF2B00867C1F /* Resources */,
				FC2F16202AFCAEE200867C1F /* Utility */,
				FC2F161F2AFCAED800867C1F /* Models */,
				FC2F15DE2AFC16B200867C1F /* Info.plist */,
				FC2F15E62AFCA9D200867C1F /* GoogleService-Info.plist */,
			);
			path = WA8_Group19;
			sourceTree = "<group>";
		};
		FC2F161F2AFCAED800867C1F /* Models */ = {
			isa = PBXGroup;
			children = (
				FC03DB332AFDB3B400A1572C /* User.swift */,
				FC03DB3B2AFE051600A1572C /* Conversation.swift */,
				FC03DB4D2AFF1EE700A1572C /* Message.swift */,
			);
			path = Models;
			sourceTree = "<group>";
		};
		FC2F16202AFCAEE200867C1F /* Utility */ = {
			isa = PBXGroup;
			children = (
				FC03DB442AFEE08600A1572C /* Formatter */,
				FC03DB3D2AFED1E400A1572C /* Auth */,
				FC03DB302AFDAE8C00A1572C /* DataBase */,
				FC03DB2B2AFD82FB00A1572C /* ProgressIndicator */,
				FC2F162E2AFCB73900867C1F /* AlertUtil.swift */,
				FC2F16302AFCB80E00867C1F /* Constants.swift */,
				FC2F16322AFCB85D00867C1F /* UIElementUtil.swift */,
			);
			path = Utility;
			sourceTree = "<group>";
		};
		FC2F16212AFCAF2B00867C1F /* Resources */ = {
			isa = PBXGroup;
			children = (
				FC2F15D02AFC16B100867C1F /* AppDelegate.swift */,
				FC2F15D22AFC16B100867C1F /* SceneDelegate.swift */,
			);
			path = Resources;
			sourceTree = "<group>";
		};
		FC2F16222AFCAF5C00867C1F /* Storyboard */ = {
			isa = PBXGroup;
			children = (
				FC2F15D62AFC16B100867C1F /* Main.storyboard */,
				FC2F15D92AFC16B200867C1F /* Assets.xcassets */,
				FC2F15DB2AFC16B200867C1F /* LaunchScreen.storyboard */,
			);
			path = Storyboard;
			sourceTree = "<group>";
		};
		FC2F16232AFCAFB600867C1F /* Screens */ = {
			isa = PBXGroup;
			children = (
				FC03DB4A2AFEFAE100A1572C /* ConversationScreen */,
				FC2F16292AFCB54500867C1F /* WelcomeScreen */,
				FC2F16282AFCB24100867C1F /* ConversationsScreen */,
				FC2F16272AFCB22600867C1F /* ProfileScreen */,
				FC2F16262AFCB20700867C1F /* NewConversationScreen */,
				FC2F16252AFCAFF500867C1F /* RegisterScreen */,
				FC2F16242AFCAFE400867C1F /* LoginScreen */,
			);
			path = Screens;
			sourceTree = "<group>";
		};
		FC2F16242AFCAFE400867C1F /* LoginScreen */ = {
			isa = PBXGroup;
			children = (
				FC03DB232AFD4B1E00A1572C /* LoginView.swift */,
				FC03DB252AFD4B3000A1572C /* LoginViewController.swift */,
			);
			path = LoginScreen;
			sourceTree = "<group>";
		};
		FC2F16252AFCAFF500867C1F /* RegisterScreen */ = {
			isa = PBXGroup;
			children = (
				FC03DB272AFD4B3E00A1572C /* RegisterViewController.swift */,
				FC03DB292AFD4B5000A1572C /* RegisterView.swift */,
			);
			path = RegisterScreen;
			sourceTree = "<group>";
		};
		FC2F16262AFCB20700867C1F /* NewConversationScreen */ = {
			isa = PBXGroup;
			children = (
				FC03DB4F2AFF2A9400A1572C /* NewConversationViewController.swift */,
				FC03DB512AFF2AA600A1572C /* NewConversationView.swift */,
				FC03DB532AFF2EFE00A1572C /* SearchResultTableViewCell.swift */,
			);
			path = NewConversationScreen;
			sourceTree = "<group>";
		};
		FC2F16272AFCB22600867C1F /* ProfileScreen */ = {
			isa = PBXGroup;
			children = (
				FC03DB402AFED6C600A1572C /* ProfileView.swift */,
				FC03DB422AFED6D300A1572C /* ProfileViewController.swift */,
			);
			path = ProfileScreen;
			sourceTree = "<group>";
		};
		FC2F16282AFCB24100867C1F /* ConversationsScreen */ = {
			isa = PBXGroup;
			children = (
				FC03DB352AFDFE9900A1572C /* ConversationsViewController.swift */,
				FC03DB372AFDFEAC00A1572C /* ConversationsView.swift */,
				FC03DB392AFDFEC200A1572C /* ConversationsTableViewCell.swift */,
			);
			path = ConversationsScreen;
			sourceTree = "<group>";
		};
		FC2F16292AFCB54500867C1F /* WelcomeScreen */ = {
			isa = PBXGroup;
			children = (
				FC2F162A2AFCB6DD00867C1F /* WelcomeViewController.swift */,
				FC2F162C2AFCB6EC00867C1F /* WelcomeView.swift */,
			);
			path = WelcomeScreen;
			sourceTree = "<group>";
		};
/* End PBXGroup section */

/* Begin PBXNativeTarget section */
		FC2F15CC2AFC16B100867C1F /* WA8_Group19 */ = {
			isa = PBXNativeTarget;
			buildConfigurationList = FC2F15E12AFC16B200867C1F /* Build configuration list for PBXNativeTarget "WA8_Group19" */;
			buildPhases = (
				FC2F15C92AFC16B100867C1F /* Sources */,
				FC2F15CA2AFC16B100867C1F /* Frameworks */,
				FC2F15CB2AFC16B100867C1F /* Resources */,
			);
			buildRules = (
			);
			dependencies = (
			);
			name = WA8_Group19;
			packageProductDependencies = (
				FC03DB192AFD42F100A1572C /* FirebaseAuth */,
				FC03DB1B2AFD434100A1572C /* FirebaseAnalytics */,
				FC03DB1D2AFD434100A1572C /* FirebaseFirestore */,
				FC03DB1F2AFD434100A1572C /* FirebaseFirestoreSwift */,
				FC03DB212AFD434100A1572C /* FirebaseStorage */,
				FC03DB482AFEFAB600A1572C /* MessageKit */,
			);
			productName = WA8_Group19;
			productReference = FC2F15CD2AFC16B100867C1F /* WA8_Group19.app */;
			productType = "com.apple.product-type.application";
		};
/* End PBXNativeTarget section */

/* Begin PBXProject section */
		FC2F15C52AFC16B100867C1F /* Project object */ = {
			isa = PBXProject;
			attributes = {
				BuildIndependentTargetsInParallel = 1;
				LastSwiftUpdateCheck = 1500;
				LastUpgradeCheck = 1500;
				TargetAttributes = {
					FC2F15CC2AFC16B100867C1F = {
						CreatedOnToolsVersion = 15.0.1;
					};
				};
			};
			buildConfigurationList = FC2F15C82AFC16B100867C1F /* Build configuration list for PBXProject "WA8_Group19" */;
			compatibilityVersion = "Xcode 14.0";
			developmentRegion = en;
			hasScannedForEncodings = 0;
			knownRegions = (
				en,
				Base,
			);
			mainGroup = FC2F15C42AFC16B000867C1F;
			packageReferences = (
				FC03DB092AFD418300A1572C /* XCRemoteSwiftPackageReference "firebase-ios-sdk" */,
				FC03DB472AFEFAB600A1572C /* XCRemoteSwiftPackageReference "MessageKit" */,
			);
			productRefGroup = FC2F15CE2AFC16B100867C1F /* Products */;
			projectDirPath = "";
			projectRoot = "";
			targets = (
				FC2F15CC2AFC16B100867C1F /* WA8_Group19 */,
			);
		};
/* End PBXProject section */

/* Begin PBXResourcesBuildPhase section */
		FC2F15CB2AFC16B100867C1F /* Resources */ = {
			isa = PBXResourcesBuildPhase;
			buildActionMask = 2147483647;
			files = (
				FC2F15DD2AFC16B200867C1F /* LaunchScreen.storyboard in Resources */,
				FC2F15E72AFCA9D200867C1F /* GoogleService-Info.plist in Resources */,
				FC2F15DA2AFC16B200867C1F /* Assets.xcassets in Resources */,
				FC2F15D82AFC16B100867C1F /* Main.storyboard in Resources */,
			);
			runOnlyForDeploymentPostprocessing = 0;
		};
/* End PBXResourcesBuildPhase section */

/* Begin PBXSourcesBuildPhase section */
		FC2F15C92AFC16B100867C1F /* Sources */ = {
			isa = PBXSourcesBuildPhase;
			buildActionMask = 2147483647;
			files = (
				FC03DB522AFF2AA600A1572C /* NewConversationView.swift in Sources */,
				FC03DB2A2AFD4B5000A1572C /* RegisterView.swift in Sources */,
				FC03DB262AFD4B3000A1572C /* LoginViewController.swift in Sources */,
				FC03DB4C2AFEFAFB00A1572C /* ConversationViewController.swift in Sources */,
				FC03DB282AFD4B3E00A1572C /* RegisterViewController.swift in Sources */,
				FC2F16332AFCB85D00867C1F /* UIElementUtil.swift in Sources */,
				FC2F162B2AFCB6DD00867C1F /* WelcomeViewController.swift in Sources */,
				FC03DB2D2AFD834100A1572C /* ProgressSpinnerViewController.swift in Sources */,
				FC03DB4E2AFF1EE700A1572C /* Message.swift in Sources */,
				FC03DB432AFED6D300A1572C /* ProfileViewController.swift in Sources */,
				FC03DB462AFEE0BC00A1572C /* DateFormatter.swift in Sources */,
				FC2F15D12AFC16B100867C1F /* AppDelegate.swift in Sources */,
				FC03DB2F2AFD837900A1572C /* ProgressSpinnerDelegate.swift in Sources */,
				FC03DB3A2AFDFEC200A1572C /* ConversationsTableViewCell.swift in Sources */,
				FC03DB542AFF2EFE00A1572C /* SearchResultTableViewCell.swift in Sources */,
				FC03DB3F2AFED1F600A1572C /* AuthManager.swift in Sources */,
				FC03DB342AFDB3B400A1572C /* User.swift in Sources */,
				FC03DB3C2AFE051600A1572C /* Conversation.swift in Sources */,
				FC03DB502AFF2A9400A1572C /* NewConversationViewController.swift in Sources */,
				FC2F15D32AFC16B100867C1F /* SceneDelegate.swift in Sources */,
				FC2F162F2AFCB73900867C1F /* AlertUtil.swift in Sources */,
				FC03DB382AFDFEAC00A1572C /* ConversationsView.swift in Sources */,
				FC03DB362AFDFE9900A1572C /* ConversationsViewController.swift in Sources */,
				FC2F162D2AFCB6EC00867C1F /* WelcomeView.swift in Sources */,
				FC03DB242AFD4B1E00A1572C /* LoginView.swift in Sources */,
				FC2F16312AFCB80E00867C1F /* Constants.swift in Sources */,
				FC03DB412AFED6C600A1572C /* ProfileView.swift in Sources */,
				FC03DB322AFDAEA500A1572C /* DBManager.swift in Sources */,
			);
			runOnlyForDeploymentPostprocessing = 0;
		};
/* End PBXSourcesBuildPhase section */

/* Begin PBXVariantGroup section */
		FC2F15D62AFC16B100867C1F /* Main.storyboard */ = {
			isa = PBXVariantGroup;
			children = (
				FC2F15D72AFC16B100867C1F /* Base */,
			);
			name = Main.storyboard;
			sourceTree = "<group>";
		};
		FC2F15DB2AFC16B200867C1F /* LaunchScreen.storyboard */ = {
			isa = PBXVariantGroup;
			children = (
				FC2F15DC2AFC16B200867C1F /* Base */,
			);
			name = LaunchScreen.storyboard;
			sourceTree = "<group>";
		};
/* End PBXVariantGroup section */

/* Begin XCBuildConfiguration section */
		FC2F15DF2AFC16B200867C1F /* Debug */ = {
			isa = XCBuildConfiguration;
			buildSettings = {
				ALWAYS_SEARCH_USER_PATHS = NO;
				ASSETCATALOG_COMPILER_GENERATE_SWIFT_ASSET_SYMBOL_EXTENSIONS = YES;
				CLANG_ANALYZER_NONNULL = YES;
				CLANG_ANALYZER_NUMBER_OBJECT_CONVERSION = YES_AGGRESSIVE;
				CLANG_CXX_LANGUAGE_STANDARD = "gnu++20";
				CLANG_ENABLE_MODULES = YES;
				CLANG_ENABLE_OBJC_ARC = YES;
				CLANG_ENABLE_OBJC_WEAK = YES;
				CLANG_WARN_BLOCK_CAPTURE_AUTORELEASING = YES;
				CLANG_WARN_BOOL_CONVERSION = YES;
				CLANG_WARN_COMMA = YES;
				CLANG_WARN_CONSTANT_CONVERSION = YES;
				CLANG_WARN_DEPRECATED_OBJC_IMPLEMENTATIONS = YES;
				CLANG_WARN_DIRECT_OBJC_ISA_USAGE = YES_ERROR;
				CLANG_WARN_DOCUMENTATION_COMMENTS = YES;
				CLANG_WARN_EMPTY_BODY = YES;
				CLANG_WARN_ENUM_CONVERSION = YES;
				CLANG_WARN_INFINITE_RECURSION = YES;
				CLANG_WARN_INT_CONVERSION = YES;
				CLANG_WARN_NON_LITERAL_NULL_CONVERSION = YES;
				CLANG_WARN_OBJC_IMPLICIT_RETAIN_SELF = YES;
				CLANG_WARN_OBJC_LITERAL_CONVERSION = YES;
				CLANG_WARN_OBJC_ROOT_CLASS = YES_ERROR;
				CLANG_WARN_QUOTED_INCLUDE_IN_FRAMEWORK_HEADER = YES;
				CLANG_WARN_RANGE_LOOP_ANALYSIS = YES;
				CLANG_WARN_STRICT_PROTOTYPES = YES;
				CLANG_WARN_SUSPICIOUS_MOVE = YES;
				CLANG_WARN_UNGUARDED_AVAILABILITY = YES_AGGRESSIVE;
				CLANG_WARN_UNREACHABLE_CODE = YES;
				CLANG_WARN__DUPLICATE_METHOD_MATCH = YES;
				COPY_PHASE_STRIP = NO;
				DEBUG_INFORMATION_FORMAT = dwarf;
				ENABLE_STRICT_OBJC_MSGSEND = YES;
				ENABLE_TESTABILITY = YES;
				ENABLE_USER_SCRIPT_SANDBOXING = NO;
				GCC_C_LANGUAGE_STANDARD = gnu17;
				GCC_DYNAMIC_NO_PIC = NO;
				GCC_NO_COMMON_BLOCKS = YES;
				GCC_OPTIMIZATION_LEVEL = 0;
				GCC_PREPROCESSOR_DEFINITIONS = (
					"DEBUG=1",
					"$(inherited)",
				);
				GCC_WARN_64_TO_32_BIT_CONVERSION = YES;
				GCC_WARN_ABOUT_RETURN_TYPE = YES_ERROR;
				GCC_WARN_UNDECLARED_SELECTOR = YES;
				GCC_WARN_UNINITIALIZED_AUTOS = YES_AGGRESSIVE;
				GCC_WARN_UNUSED_FUNCTION = YES;
				GCC_WARN_UNUSED_VARIABLE = YES;
				IPHONEOS_DEPLOYMENT_TARGET = 16.4;
				LOCALIZATION_PREFERS_STRING_CATALOGS = YES;
				MTL_ENABLE_DEBUG_INFO = INCLUDE_SOURCE;
				MTL_FAST_MATH = YES;
				ONLY_ACTIVE_ARCH = YES;
				SDKROOT = iphoneos;
				SWIFT_ACTIVE_COMPILATION_CONDITIONS = "DEBUG $(inherited)";
				SWIFT_OPTIMIZATION_LEVEL = "-Onone";
			};
			name = Debug;
		};
		FC2F15E02AFC16B200867C1F /* Release */ = {
			isa = XCBuildConfiguration;
			buildSettings = {
				ALWAYS_SEARCH_USER_PATHS = NO;
				ASSETCATALOG_COMPILER_GENERATE_SWIFT_ASSET_SYMBOL_EXTENSIONS = YES;
				CLANG_ANALYZER_NONNULL = YES;
				CLANG_ANALYZER_NUMBER_OBJECT_CONVERSION = YES_AGGRESSIVE;
				CLANG_CXX_LANGUAGE_STANDARD = "gnu++20";
				CLANG_ENABLE_MODULES = YES;
				CLANG_ENABLE_OBJC_ARC = YES;
				CLANG_ENABLE_OBJC_WEAK = YES;
				CLANG_WARN_BLOCK_CAPTURE_AUTORELEASING = YES;
				CLANG_WARN_BOOL_CONVERSION = YES;
				CLANG_WARN_COMMA = YES;
				CLANG_WARN_CONSTANT_CONVERSION = YES;
				CLANG_WARN_DEPRECATED_OBJC_IMPLEMENTATIONS = YES;
				CLANG_WARN_DIRECT_OBJC_ISA_USAGE = YES_ERROR;
				CLANG_WARN_DOCUMENTATION_COMMENTS = YES;
				CLANG_WARN_EMPTY_BODY = YES;
				CLANG_WARN_ENUM_CONVERSION = YES;
				CLANG_WARN_INFINITE_RECURSION = YES;
				CLANG_WARN_INT_CONVERSION = YES;
				CLANG_WARN_NON_LITERAL_NULL_CONVERSION = YES;
				CLANG_WARN_OBJC_IMPLICIT_RETAIN_SELF = YES;
				CLANG_WARN_OBJC_LITERAL_CONVERSION = YES;
				CLANG_WARN_OBJC_ROOT_CLASS = YES_ERROR;
				CLANG_WARN_QUOTED_INCLUDE_IN_FRAMEWORK_HEADER = YES;
				CLANG_WARN_RANGE_LOOP_ANALYSIS = YES;
				CLANG_WARN_STRICT_PROTOTYPES = YES;
				CLANG_WARN_SUSPICIOUS_MOVE = YES;
				CLANG_WARN_UNGUARDED_AVAILABILITY = YES_AGGRESSIVE;
				CLANG_WARN_UNREACHABLE_CODE = YES;
				CLANG_WARN__DUPLICATE_METHOD_MATCH = YES;
				COPY_PHASE_STRIP = NO;
				DEBUG_INFORMATION_FORMAT = "dwarf-with-dsym";
				ENABLE_NS_ASSERTIONS = NO;
				ENABLE_STRICT_OBJC_MSGSEND = YES;
				ENABLE_USER_SCRIPT_SANDBOXING = NO;
				GCC_C_LANGUAGE_STANDARD = gnu17;
				GCC_NO_COMMON_BLOCKS = YES;
				GCC_WARN_64_TO_32_BIT_CONVERSION = YES;
				GCC_WARN_ABOUT_RETURN_TYPE = YES_ERROR;
				GCC_WARN_UNDECLARED_SELECTOR = YES;
				GCC_WARN_UNINITIALIZED_AUTOS = YES_AGGRESSIVE;
				GCC_WARN_UNUSED_FUNCTION = YES;
				GCC_WARN_UNUSED_VARIABLE = YES;
				IPHONEOS_DEPLOYMENT_TARGET = 16.4;
				LOCALIZATION_PREFERS_STRING_CATALOGS = YES;
				MTL_ENABLE_DEBUG_INFO = NO;
				MTL_FAST_MATH = YES;
				SDKROOT = iphoneos;
				SWIFT_COMPILATION_MODE = wholemodule;
				VALIDATE_PRODUCT = YES;
			};
			name = Release;
		};
		FC2F15E22AFC16B200867C1F /* Debug */ = {
			isa = XCBuildConfiguration;
			buildSettings = {
				ASSETCATALOG_COMPILER_APPICON_NAME = AppIcon;
				ASSETCATALOG_COMPILER_GLOBAL_ACCENT_COLOR_NAME = AccentColor;
				CODE_SIGN_STYLE = Automatic;
				CURRENT_PROJECT_VERSION = 1;
				DEVELOPMENT_TEAM = P39ZA9AK6M;
				GENERATE_INFOPLIST_FILE = YES;
				INFOPLIST_FILE = WA8_Group19/Info.plist;
				INFOPLIST_KEY_UIApplicationSupportsIndirectInputEvents = YES;
				INFOPLIST_KEY_UILaunchStoryboardName = LaunchScreen;
				INFOPLIST_KEY_UIMainStoryboardFile = Main;
				INFOPLIST_KEY_UISupportedInterfaceOrientations_iPad = "UIInterfaceOrientationPortrait UIInterfaceOrientationPortraitUpsideDown UIInterfaceOrientationLandscapeLeft UIInterfaceOrientationLandscapeRight";
				INFOPLIST_KEY_UISupportedInterfaceOrientations_iPhone = "UIInterfaceOrientationPortrait UIInterfaceOrientationLandscapeLeft UIInterfaceOrientationLandscapeRight";
				LD_RUNPATH_SEARCH_PATHS = (
					"$(inherited)",
					"@executable_path/Frameworks",
				);
				MARKETING_VERSION = 1.0;
				PRODUCT_BUNDLE_IDENTIFIER = "com.neuios.WA8-Group19";
				PRODUCT_NAME = "$(TARGET_NAME)";
				SWIFT_EMIT_LOC_STRINGS = YES;
				SWIFT_VERSION = 5.0;
				TARGETED_DEVICE_FAMILY = "1,2";
			};
			name = Debug;
		};
		FC2F15E32AFC16B200867C1F /* Release */ = {
			isa = XCBuildConfiguration;
			buildSettings = {
				ASSETCATALOG_COMPILER_APPICON_NAME = AppIcon;
				ASSETCATALOG_COMPILER_GLOBAL_ACCENT_COLOR_NAME = AccentColor;
				CODE_SIGN_STYLE = Automatic;
				CURRENT_PROJECT_VERSION = 1;
				DEVELOPMENT_TEAM = P39ZA9AK6M;
				GENERATE_INFOPLIST_FILE = YES;
				INFOPLIST_FILE = WA8_Group19/Info.plist;
				INFOPLIST_KEY_UIApplicationSupportsIndirectInputEvents = YES;
				INFOPLIST_KEY_UILaunchStoryboardName = LaunchScreen;
				INFOPLIST_KEY_UIMainStoryboardFile = Main;
				INFOPLIST_KEY_UISupportedInterfaceOrientations_iPad = "UIInterfaceOrientationPortrait UIInterfaceOrientationPortraitUpsideDown UIInterfaceOrientationLandscapeLeft UIInterfaceOrientationLandscapeRight";
				INFOPLIST_KEY_UISupportedInterfaceOrientations_iPhone = "UIInterfaceOrientationPortrait UIInterfaceOrientationLandscapeLeft UIInterfaceOrientationLandscapeRight";
				LD_RUNPATH_SEARCH_PATHS = (
					"$(inherited)",
					"@executable_path/Frameworks",
				);
				MARKETING_VERSION = 1.0;
				PRODUCT_BUNDLE_IDENTIFIER = "com.neuios.WA8-Group19";
				PRODUCT_NAME = "$(TARGET_NAME)";
				SWIFT_EMIT_LOC_STRINGS = YES;
				SWIFT_VERSION = 5.0;
				TARGETED_DEVICE_FAMILY = "1,2";
			};
			name = Release;
		};
/* End XCBuildConfiguration section */

/* Begin XCConfigurationList section */
		FC2F15C82AFC16B100867C1F /* Build configuration list for PBXProject "WA8_Group19" */ = {
			isa = XCConfigurationList;
			buildConfigurations = (
				FC2F15DF2AFC16B200867C1F /* Debug */,
				FC2F15E02AFC16B200867C1F /* Release */,
			);
			defaultConfigurationIsVisible = 0;
			defaultConfigurationName = Release;
		};
		FC2F15E12AFC16B200867C1F /* Build configuration list for PBXNativeTarget "WA8_Group19" */ = {
			isa = XCConfigurationList;
			buildConfigurations = (
				FC2F15E22AFC16B200867C1F /* Debug */,
				FC2F15E32AFC16B200867C1F /* Release */,
			);
			defaultConfigurationIsVisible = 0;
			defaultConfigurationName = Release;
		};
/* End XCConfigurationList section */

/* Begin XCRemoteSwiftPackageReference section */
		FC03DB092AFD418300A1572C /* XCRemoteSwiftPackageReference "firebase-ios-sdk" */ = {
			isa = XCRemoteSwiftPackageReference;
			repositoryURL = "https://github.com/firebase/firebase-ios-sdk";
			requirement = {
				kind = upToNextMajorVersion;
				minimumVersion = 10.17.0;
			};
		};
		FC03DB472AFEFAB600A1572C /* XCRemoteSwiftPackageReference "MessageKit" */ = {
			isa = XCRemoteSwiftPackageReference;
			repositoryURL = "https://github.com/MessageKit/MessageKit";
			requirement = {
				kind = upToNextMajorVersion;
				minimumVersion = 4.2.0;
			};
		};
/* End XCRemoteSwiftPackageReference section */

/* Begin XCSwiftPackageProductDependency section */
		FC03DB192AFD42F100A1572C /* FirebaseAuth */ = {
			isa = XCSwiftPackageProductDependency;
			package = FC03DB092AFD418300A1572C /* XCRemoteSwiftPackageReference "firebase-ios-sdk" */;
			productName = FirebaseAuth;
		};
		FC03DB1B2AFD434100A1572C /* FirebaseAnalytics */ = {
			isa = XCSwiftPackageProductDependency;
			package = FC03DB092AFD418300A1572C /* XCRemoteSwiftPackageReference "firebase-ios-sdk" */;
			productName = FirebaseAnalytics;
		};
		FC03DB1D2AFD434100A1572C /* FirebaseFirestore */ = {
			isa = XCSwiftPackageProductDependency;
			package = FC03DB092AFD418300A1572C /* XCRemoteSwiftPackageReference "firebase-ios-sdk" */;
			productName = FirebaseFirestore;
		};
		FC03DB1F2AFD434100A1572C /* FirebaseFirestoreSwift */ = {
			isa = XCSwiftPackageProductDependency;
			package = FC03DB092AFD418300A1572C /* XCRemoteSwiftPackageReference "firebase-ios-sdk" */;
			productName = FirebaseFirestoreSwift;
		};
		FC03DB212AFD434100A1572C /* FirebaseStorage */ = {
			isa = XCSwiftPackageProductDependency;
			package = FC03DB092AFD418300A1572C /* XCRemoteSwiftPackageReference "firebase-ios-sdk" */;
			productName = FirebaseStorage;
		};
		FC03DB482AFEFAB600A1572C /* MessageKit */ = {
			isa = XCSwiftPackageProductDependency;
			package = FC03DB472AFEFAB600A1572C /* XCRemoteSwiftPackageReference "MessageKit" */;
			productName = MessageKit;
		};
/* End XCSwiftPackageProductDependency section */
	};
	rootObject = FC2F15C52AFC16B100867C1F /* Project object */;
}
